
Microsoft Visual Studio Solution File, Format Version 12.00
# Visual Studio Version 16
VisualStudioVersion = 16.0.31410.357
MinimumVisualStudioVersion = 10.0.40219.1
Project("{E24C65DC-7377-472B-9ABA-BC803B73C61A}") = "CCHoldingPage", "CCHoldingPage\", "{1B4F51FA-BE6A-4021-87D0-7B8B9DA8473B}"
	ProjectSection(WebsiteProperties) = preProject
		TargetFrameworkMoniker = ".NETFramework,Version%3Dv4.0"
		Debug.AspNetCompiler.VirtualPath = "/localhost_54685"
		Debug.AspNetCompiler.PhysicalPath = "CCHoldingPage\"
		Debug.AspNetCompiler.TargetPath = "PrecompiledWeb\localhost_54685\"
		Debug.AspNetCompiler.Updateable = "true"
		Debug.AspNetCompiler.ForceOverwrite = "true"
		Debug.AspNetCompiler.FixedNames = "false"
		Debug.AspNetCompiler.Debug = "True"
		Release.AspNetCompiler.VirtualPath = "/localhost_54685"
		Release.AspNetCompiler.PhysicalPath = "CCHoldingPage\"
		Release.AspNetCompiler.TargetPath = "PrecompiledWeb\localhost_54685\"
		Release.AspNetCompiler.Updateable = "true"
		Release.AspNetCompiler.ForceOverwrite = "true"
		Release.AspNetCompiler.FixedNames = "false"
		Release.AspNetCompiler.Debug = "False"
		VWDPort = "54685"
		SlnRelativePath = "CCHoldingPage\"
	EndProjectSection
EndProject
Global
	GlobalSection(SolutionConfigurationPlatforms) = preSolution
		Debug|Any CPU = Debug|Any CPU
	EndGlobalSection
	GlobalSection(ProjectConfigurationPlatforms) = postSolution
		{1B4F51FA-BE6A-4021-87D0-7B8B9DA8473B}.Debug|Any CPU.ActiveCfg = Debug|Any CPU
		{1B4F51FA-BE6A-4021-87D0-7B8B9DA8473B}.Debug|Any CPU.Build.0 = Debug|Any CPU
	EndGlobalSection
	GlobalSection(SolutionProperties) = preSolution
		HideSolutionNode = FALSE
	EndGlobalSection
	GlobalSection(ExtensibilityGlobals) = postSolution
		SolutionGuid = {B2198915-C9EE-44F0-807D-60A50B034206}
	EndGlobalSection
EndGlobal
